# THIS IS AN AUTOGENERATED FILE. DO NOT EDIT THIS FILE DIRECTLY.
# yarn lockfile v1


"@formatjs/intl-displaynames@^1.2.0":
  version "1.2.0"
  resolved "https://registry.yarnpkg.com/@formatjs/intl-displaynames/-/intl-displaynames-1.2.0.tgz#b89935e232a454d113c7a6684c01ae391682a46d"
  integrity sha512-mUGI2sc6OABkrMj42HlOpK1h96EVrN+gOhzbyCTMH9SVH/gPPLr/zFRH3KFWtBwxqhYsDghvUwm8xkdFOK0kTg==
  dependencies:
    "@formatjs/intl-utils" "^2.2.0"

"@formatjs/intl-listformat@^1.3.7":
  version "1.4.1"
  resolved "https://registry.yarnpkg.com/@formatjs/intl-listformat/-/intl-listformat-1.4.1.tgz#a467cc6857808f2eec78e5bdd0ae03b224e89d0c"
  integrity sha512-AX0o1y5xXyMY4ebZOO+UujMcDhniYDs50KpwGzjUPV+bBILwRYqH/6IprZZG/V8YSOtetZlalZiwzJ50dH6PuQ==
  dependencies:
    "@formatjs/intl-utils" "^2.2.0"

"@formatjs/intl-relativetimeformat@^4.5.7":
  version "4.5.9"
  resolved "https://registry.yarnpkg.com/@formatjs/intl-relativetimeformat/-/intl-relativetimeformat-4.5.9.tgz#d9b74724a7cbcb4edc9d751b2979195fab4d39cc"
  integrity sha512-6rgPXQl5MrPPbCuNiHxolzO6xNCHphCVEWW6RWGy7t/Mek70gD7nq1erW8fbQJ0XL/UeAC0Cz/+ggh7vaSsKNA==
  dependencies:
    "@formatjs/intl-utils" "^2.2.0"

"@formatjs/intl-unified-numberformat@^3.0.4", "@formatjs/intl-unified-numberformat@^3.2.0":
  version "3.2.0"
  resolved "https://registry.yarnpkg.com/@formatjs/intl-unified-numberformat/-/intl-unified-numberformat-3.2.0.tgz#5197987e61ba0972889105e525f1cbe6d91cf46f"
  integrity sha512-SZMTV/tR0h7nYhS2x69S7zhHXaBmE0ZTR2OIiakt8W7uYWVgcRhu/LgUeVtGzpwPI2ChcOjNMtX/k6y1M9aDNA==
  dependencies:
    "@formatjs/intl-utils" "^2.2.0"

"@formatjs/intl-utils@^2.0.4", "@formatjs/intl-utils@^2.2.0":
  version "2.2.0"
  resolved "https://registry.yarnpkg.com/@formatjs/intl-utils/-/intl-utils-2.2.0.tgz#ba6e12fe64ff7fd160be392007c47d24b7ae5c75"
  integrity sha512-+Az7tR1av1DHZu9668D8uh9atT6vp+FFmEF8BrEssv0OqzpVjpVBGVmcgPzQP8k2PQjVlm/h2w8cTt0knn132w==

"@formatjs/macro@^0.2.6":
  version "0.2.6"
  resolved "https://registry.yarnpkg.com/@formatjs/macro/-/macro-0.2.6.tgz#eb173658d803416a43210778b2f5c04c5a240bb6"
  integrity sha512-DfdnLJf8+PwLHzJECZ1Xfa8+sI9akQnUuLN2UdkaExTQmlY0Vs36rMzEP0JoVDBMk+KdQbJNt72rPeZkBNcKWg==

"@types/classnames@^2.2.9":
  version "2.2.9"
  resolved "https://registry.yarnpkg.com/@types/classnames/-/classnames-2.2.9.tgz#d868b6febb02666330410fe7f58f3c4b8258be7b"
  integrity sha512-MNl+rT5UmZeilaPxAVs6YaPC2m6aA8rofviZbhbxpPpl61uKodfdQVsBtgJGTqGizEf02oW3tsVe7FYB8kK14A==

"@types/hoist-non-react-statics@^3.3.1":
  version "3.3.1"
  resolved "https://registry.yarnpkg.com/@types/hoist-non-react-statics/-/hoist-non-react-statics-3.3.1.tgz#1124aafe5118cb591977aeb1ceaaed1070eb039f"
  integrity sha512-iMIqiko6ooLrTh1joXodJK5X9xeEALT1kM5G3ZLhD3hszxBdIEd5C75U834D9mLcINgD4OyZf5uQXjkuYydWvA==
  dependencies:
    "@types/react" "*"
    hoist-non-react-statics "^3.3.0"

"@types/invariant@^2.2.31":
  version "2.2.31"
  resolved "https://registry.yarnpkg.com/@types/invariant/-/invariant-2.2.31.tgz#4444c03004f215289dbca3856538434317dd28b2"
  integrity sha512-jMlgg9pIURvy9jgBHCjQp/CyBjYHUwj91etVcDdXkFl2CwTFiQlB+8tcsMeXpXf2PFE5X2pjk4Gm43hQSMHAdA==

"@types/node@^13.7.2":
  version "13.7.2"
  resolved "https://registry.yarnpkg.com/@types/node/-/node-13.7.2.tgz#50375b95b5845a34efda2ffb3a087c7becbc46c6"
  integrity sha512-uvilvAQbdJvnSBFcKJ2td4016urcGvsiR+N4dHGU87ml8O2Vl6l+ErOi9w0kXSPiwJ1AYlIW+0pDXDWWMOiWbw==

"@types/prop-types@*":
  version "15.7.3"
  resolved "https://registry.yarnpkg.com/@types/prop-types/-/prop-types-15.7.3.tgz#2ab0d5da2e5815f94b0b9d4b95d1e5f243ab2ca7"
  integrity sha512-KfRL3PuHmqQLOG+2tGpRO26Ctg+Cq1E01D2DMriKEATHgWLfeNDmq9e29Q9WIky0dQ3NPkd1mzYH8Lm936Z9qw==

"@types/react-dom@^16.9.5":
  version "16.9.5"
  resolved "https://registry.yarnpkg.com/@types/react-dom/-/react-dom-16.9.5.tgz#5de610b04a35d07ffd8f44edad93a71032d9aaa7"
  integrity sha512-BX6RQ8s9D+2/gDhxrj8OW+YD4R+8hj7FEM/OJHGNR0KipE1h1mSsf39YeyC81qafkq+N3rU3h3RFbLSwE5VqUg==
  dependencies:
    "@types/react" "*"

"@types/react@*", "@types/react@^16.9.20":
  version "16.9.20"
  resolved "https://registry.yarnpkg.com/@types/react/-/react-16.9.20.tgz#e83285766340fb1a7fafe7e5c4708c53832e3641"
  integrity sha512-jRrWBr25zzEVNa4QbESKLPluvrZ3W6Odfwrfe2F5vzbrDuNvlpnHa/xbZcXg8RH5D4CE181J5VxrRrLvzRH+5A==
  dependencies:
    "@types/prop-types" "*"
    csstype "^2.2.0"

classnames@^2.2.6:
  version "2.2.6"
  resolved "https://registry.yarnpkg.com/classnames/-/classnames-2.2.6.tgz#43935bffdd291f326dad0a205309b38d00f650ce"
  integrity sha512-JR/iSQOSt+LQIWwrwEzJ9uk0xfN3mTVYMwt1Ir5mUcSN6pU+V4zQFFaJsclJbPuAUQH+yfWef6tm7l1quW3C8Q==

csstype@^2.2.0:
  version "2.6.9"
  resolved "https://registry.yarnpkg.com/csstype/-/csstype-2.6.9.tgz#05141d0cd557a56b8891394c1911c40c8a98d098"
  integrity sha512-xz39Sb4+OaTsULgUERcCk+TJj8ylkL4aSVDQiX/ksxbELSqwkgt4d4RD7fovIdgJGSuNYqwZEiVjYY5l0ask+Q==

hoist-non-react-statics@^3.3.0, hoist-non-react-statics@^3.3.1:
  version "3.3.2"
  resolved "https://registry.yarnpkg.com/hoist-non-react-statics/-/hoist-non-react-statics-3.3.2.tgz#ece0acaf71d62c2969c2ec59feff42a4b1a85b45"
  integrity sha512-/gGivxi8JPKWNm/W0jSmzcMPpfpPLc3dY/6GxhX2hQ9iGj3aDfklV4ET7NjKpSinLpJ5vafa9iiGIEZg10SfBw==
  dependencies:
    react-is "^16.7.0"

intl-format-cache@^4.2.19, intl-format-cache@^4.2.21:
  version "4.2.21"
  resolved "https://registry.yarnpkg.com/intl-format-cache/-/intl-format-cache-4.2.21.tgz#d8e0bdfc357448f48dc1ab44670dc64a19b24f51"
  integrity sha512-6pZlBdqTRUuuwRWywPItHY1JQwzQxWcpBHv6w4M8T6bGzAsiL/QmI+XsdOhsqJLaL4ZmTATn1kIkNlMk4VzSLQ==

intl-locales-supported@^1.8.4:
  version "1.8.4"
  resolved "https://registry.yarnpkg.com/intl-locales-supported/-/intl-locales-supported-1.8.4.tgz#e1d19812afa50dc2e2a2b4741ceb4030522d45b1"
  integrity sha512-wO0JhDqhshhkq8Pa9CLcstqd1aCXjfMgfMzjD6mDreS3mTSDbjGiMU+07O8BdJGxed7Q0Wf3TFVjGq0W3Y0n1w==

intl-messageformat-parser@^3.6.2, intl-messageformat-parser@^3.6.4:
  version "3.6.4"
  resolved "https://registry.yarnpkg.com/intl-messageformat-parser/-/intl-messageformat-parser-3.6.4.tgz#5199d106d816c3dda26ee0694362a9cf823978fb"
  integrity sha512-RgPGwue0mJtoX2Ax8EmMzJzttxjnva7gx0Q7mKJ4oALrTZvtmCeAw5Msz2PcjW4dtCh/h7vN/8GJCxZO1uv+OA==
  dependencies:
    "@formatjs/intl-unified-numberformat" "^3.2.0"

intl-messageformat@^7.8.2:
  version "7.8.4"
  resolved "https://registry.yarnpkg.com/intl-messageformat/-/intl-messageformat-7.8.4.tgz#c29146a06b9cd26662978a4d95fff2b133e3642f"
  integrity sha512-yS0cLESCKCYjseCOGXuV4pxJm/buTfyCJ1nzQjryHmSehlptbZbn9fnlk1I9peLopZGGbjj46yHHiTAEZ1qOTA==
  dependencies:
    intl-format-cache "^4.2.21"
    intl-messageformat-parser "^3.6.4"

"js-tokens@^3.0.0 || ^4.0.0":
  version "4.0.0"
  resolved "https://registry.yarnpkg.com/js-tokens/-/js-tokens-4.0.0.tgz#19203fb59991df98e3a287050d4647cdeaf32499"
  integrity sha512-RdJUflcE3cUzKiMqQgsCu06FPu9UdIJO0beYbPhHN4k6apgJtifcoCtT9bcxOpYBtpD2kCM6Sbzg4CausW/PKQ==

loose-envify@^1.1.0, loose-envify@^1.4.0:
  version "1.4.0"
  resolved "https://registry.yarnpkg.com/loose-envify/-/loose-envify-1.4.0.tgz#71ee51fa7be4caec1a63839f7e682d8132d30caf"
  integrity sha512-lyuxPGr/Wfhrlem2CL/UcnUc1zcqKAImBDzukY7Y5F/yQiNdko6+fRLevlw1HgMySw7f611UIY408EtxRSoK3Q==
  dependencies:
    js-tokens "^3.0.0 || ^4.0.0"

object-assign@^4.1.1:
  version "4.1.1"
  resolved "https://registry.yarnpkg.com/object-assign/-/object-assign-4.1.1.tgz#2109adc7965887cfc05cbbd442cac8bfbb360863"
  integrity sha1-IQmtx5ZYh8/AXLvUQsrIv7s2CGM=

prop-types@^15.6.2:
  version "15.7.2"
  resolved "https://registry.yarnpkg.com/prop-types/-/prop-types-15.7.2.tgz#52c41e75b8c87e72b9d9360e0206b99dcbffa6c5"
  integrity sha512-8QQikdH7//R2vurIJSutZ1smHYTcLpRWEOlHnzcWHmBYrOGUysKwSsrC89BCiFj3CbrfJ/nXFdJepOVrY1GCHQ==
  dependencies:
    loose-envify "^1.4.0"
    object-assign "^4.1.1"
    react-is "^16.8.1"

react-intl@^3.12.0:
  version "3.12.0"
  resolved "https://registry.yarnpkg.com/react-intl/-/react-intl-3.12.0.tgz#98ef1c94434cc25a8c67448e1e283e6bfe11b2fc"
  integrity sha512-VQWkFYSKKoi85p3gOXgG80KkBImdBJXwJxssO9gqdelW/fuVnxQLXgYOKuOqWrUz5beXK+qBve6bTpblh1ep2g==
  dependencies:
    "@formatjs/intl-displaynames" "^1.2.0"
    "@formatjs/intl-listformat" "^1.3.7"
    "@formatjs/intl-relativetimeformat" "^4.5.7"
    "@formatjs/intl-unified-numberformat" "^3.0.4"
    "@formatjs/intl-utils" "^2.0.4"
    "@formatjs/macro" "^0.2.6"
    "@types/hoist-non-react-statics" "^3.3.1"
    "@types/invariant" "^2.2.31"
    hoist-non-react-statics "^3.3.1"
    intl-format-cache "^4.2.19"
    intl-locales-supported "^1.8.4"
    intl-messageformat "^7.8.2"
    intl-messageformat-parser "^3.6.2"
    shallow-equal "^1.2.1"

react-is@^16.7.0, react-is@^16.8.1:
  version "16.12.0"
  resolved "https://registry.yarnpkg.com/react-is/-/react-is-16.12.0.tgz#2cc0fe0fba742d97fd527c42a13bec4eeb06241c"
  integrity sha512-rPCkf/mWBtKc97aLL9/txD8DZdemK0vkA3JMLShjlJB3Pj3s+lpf1KaBzMfQrAmhMQB0n1cU/SUGgKKBCe837Q==

react@^16.12.0:
  version "16.12.0"
  resolved "https://registry.yarnpkg.com/react/-/react-16.12.0.tgz#0c0a9c6a142429e3614834d5a778e18aa78a0b83"
  integrity sha512-fglqy3k5E+81pA8s+7K0/T3DBCF0ZDOher1elBFzF7O6arXJgzyu/FW+COxFvAWXJoJN9KIZbT2LXlukwphYTA==
  dependencies:
    loose-envify "^1.1.0"
    object-assign "^4.1.1"
    prop-types "^15.6.2"

shallow-equal@^1.2.1:
  version "1.2.1"
  resolved "https://registry.yarnpkg.com/shallow-equal/-/shallow-equal-1.2.1.tgz#4c16abfa56043aa20d050324efa68940b0da79da"
  integrity sha512-S4vJDjHHMBaiZuT9NPb616CSmLf618jawtv3sufLl6ivK8WocjAo58cXwbRV1cgqxH0Qbv+iUt6m05eqEa2IRA==

"vtex.checkout-container@http://vtex.vtexassets.com/_v/public/typings/v1/vtex.checkout-container@0.3.0/public/@types/vtex.checkout-container":
  version "0.3.0"
  resolved "http://vtex.vtexassets.com/_v/public/typings/v1/vtex.checkout-container@0.3.0/public/@types/vtex.checkout-container#0ee786ff7e0c0b28723e628f7cf0f729bbd29c88"

"vtex.checkout-payment@https://lucas--checkoutio.myvtex.com/_v/private/typings/linked/v1/vtex.checkout-payment@0.3.0+build1583868054/public/@types/vtex.checkout-payment":
  version "0.3.0"
  resolved "https://lucas--checkoutio.myvtex.com/_v/private/typings/linked/v1/vtex.checkout-payment@0.3.0+build1583868054/public/@types/vtex.checkout-payment#fc94e73cb2534041082f366ec8b6b02ef99551b0"

"vtex.checkout-profile@https://lucas--checkoutio.myvtex.com/_v/private/typings/linked/v1/vtex.checkout-profile@0.0.0+build1584018439/public/@types/vtex.checkout-profile":
  version "0.0.0"
  resolved "https://lucas--checkoutio.myvtex.com/_v/private/typings/linked/v1/vtex.checkout-profile@0.0.0+build1584018439/public/@types/vtex.checkout-profile#f79a4d456e900943eaa4bb66ec93b0c55b9eee54"

"vtex.css-handles@http://vtex.vtexassets.com/_v/public/typings/v1/vtex.css-handles@0.4.2/public/@types/vtex.css-handles":
  version "0.4.2"
  resolved "http://vtex.vtexassets.com/_v/public/typings/v1/vtex.css-handles@0.4.2/public/@types/vtex.css-handles#62ee61d1bb9efdc919e5cf4bb44fabcf9050d255"

"vtex.render-runtime@http://vtex.vtexassets.com/_v/public/typings/v1/vtex.render-runtime@8.95.1/public/@types/vtex.render-runtime":
  version "8.95.1"
  resolved "http://vtex.vtexassets.com/_v/public/typings/v1/vtex.render-runtime@8.95.1/public/@types/vtex.render-runtime#3aae291d0cd239d3059ea8ae8c3c2800ce36d22f"

"vtex.styleguide@http://vtex.vtexassets.com/_v/public/typings/v1/vtex.styleguide@9.112.15/public/@types/vtex.styleguide":
  version "9.112.15"
  resolved "http://vtex.vtexassets.com/_v/public/typings/v1/vtex.styleguide@9.112.15/public/@types/vtex.styleguide#1859832d974e0b0b82dff8ed086f005907058dda"
